{
  "name": "function-hooks-core-reference",
  "version": "0.11.0",
  "lockfileVersion": 3,
  "requires": true,
  "packages": {
    "": {
      "name": "function-hooks-core-reference",
      "version": "0.11.0",
      "license": "MIT",
      "workspaces": [
        "packages/core",
        "packages/events",
        "packages/assurance",
        "packages/audit",
        "packages/replay",
        "packages/plugins",
        "packages/isolation",
        "packages/enterprise",
        "packages/compat",
        "packages/portable",
        "packages/gateway",
        "packages/capabilities",
        "packages/router"
      ],
      "dependencies": {
        "@function-hooks/assurance": "0.11.0",
        "@function-hooks/audit": "0.11.0",
        "@function-hooks/capabilities": "0.11.0",
        "@function-hooks/compat": "0.11.0",
        "@function-hooks/core": "0.11.0",
        "@function-hooks/enterprise": "0.11.0",
        "@function-hooks/events": "0.11.0",
        "@function-hooks/gateway": "0.11.0",
        "@function-hooks/isolation": "0.11.0",
        "@function-hooks/plugins": "0.11.0",
        "@function-hooks/portable": "0.11.0",
        "@function-hooks/replay": "0.11.0",
        "@function-hooks/router": "0.11.0"
      },
      "devDependencies": {
        "@types/node": "^22.0.0",
        "typescript": "^5.8.0"
      },
      "engines": {
        "node": ">=20"
      }
    },
    "node_modules/@function-hooks/assurance": {
      "resolved": "packages/assurance",
      "link": true
    },
    "node_modules/@function-hooks/audit": {
      "resolved": "packages/audit",
      "link": true
    },
    "node_modules/@function-hooks/capabilities": {
      "resolved": "packages/capabilities",
      "link": true
    },
    "node_modules/@function-hooks/compat": {
      "resolved": "packages/compat",
      "link": true
    },
    "node_modules/@function-hooks/core": {
      "resolved": "packages/core",
      "link": true
    },
    "node_modules/@function-hooks/enterprise": {
      "resolved": "packages/enterprise",
      "link": true
    },
    "node_modules/@function-hooks/events": {
      "resolved": "packages/events",
      "link": true
    },
    "node_modules/@function-hooks/gateway": {
      "resolved": "packages/gateway",
      "link": true
    },
    "node_modules/@function-hooks/isolation": {
      "resolved": "packages/isolation",
      "link": true
    },
    "node_modules/@function-hooks/plugins": {
      "resolved": "packages/plugins",
      "link": true
    },
    "node_modules/@function-hooks/portable": {
      "resolved": "packages/portable",
      "link": true
    },
    "node_modules/@function-hooks/replay": {
      "resolved": "packages/replay",
      "link": true
    },
    "node_modules/@function-hooks/router": {
      "resolved": "packages/router",
      "link": true
    },
    "node_modules/@types/node": {
      "version": "22.20.1",
      "resolved": "https://registry.npmjs.org/@types/node/-/node-22.20.1.tgz",
      "integrity": "sha512-EANqOCF9QFyra+4pfxUcX9STKJpCLjMbObVzljIJomAWSnuSIEAvyzEU53GaajbXJEgdh0iEcPL+DGvpUd4k1Q==",
      "dev": true,
      "license": "MIT",
      "dependencies": {
        "undici-types": "~6.21.0"
      }
    },
    "node_modules/typescript": {
      "version": "5.9.3",
      "resolved": "https://registry.npmjs.org/typescript/-/typescript-5.9.3.tgz",
      "integrity": "sha512-jl1vZzPDinLr9eUt3J/t7V6FgNEw9QjvBPdysz9KfQDD41fQrC2Y4vKQdiaUpFT4bXlb1RHhLpp8wtm6M5TgSw==",
      "dev": true,
      "license": "Apache-2.0",
      "bin": {
        "tsc": "bin/tsc",
        "tsserver": "bin/tsserver"
      },
      "engines": {
        "node": ">=14.17"
      }
    },
    "node_modules/undici-types": {
      "version": "6.21.0",
      "resolved": "https://registry.npmjs.org/undici-types/-/undici-types-6.21.0.tgz",
      "integrity": "sha512-iwDZqg0QAGrg9Rav5H4n0M64c3mkR59cJ6wQp+7C4nI0gsmExaedaYLNO44eT4AtBBwjbTiGPMlt2Md0T9H9JQ==",
      "dev": true,
      "license": "MIT"
    },
    "packages/assurance": {
      "name": "@function-hooks/assurance",
      "version": "0.11.0",
      "license": "MIT",
      "dependencies": {
        "@function-hooks/core": "0.11.0"
      },
      "devDependencies": {
        "@types/node": "^22.0.0",
        "typescript": "^5.8.0"
      },
      "engines": {
        "node": ">=20"
      }
    },
    "packages/audit": {
      "name": "@function-hooks/audit",
      "version": "0.11.0",
      "license": "MIT",
      "dependencies": {
        "@function-hooks/assurance": "0.11.0",
        "@function-hooks/core": "0.11.0"
      },
      "devDependencies": {
        "@types/node": "^22.0.0",
        "typescript": "^5.8.0"
      },
      "engines": {
        "node": ">=20"
      }
    },
    "packages/capabilities": {
      "name": "@function-hooks/capabilities",
      "version": "0.11.0",
      "license": "MIT",
      "devDependencies": {
        "@types/node": "^22.0.0",
        "typescript": "^5.8.0"
      },
      "engines": {
        "node": ">=20"
      }
    },
    "packages/compat": {
      "name": "@function-hooks/compat",
      "version": "0.11.0",
      "license": "MIT",
      "dependencies": {
        "@function-hooks/assurance": "0.11.0"
      },
      "devDependencies": {
        "@types/node": "^22.0.0",
        "typescript": "^5.8.0"
      },
      "engines": {
        "node": ">=20"
      }
    },
    "packages/core": {
      "name": "@function-hooks/core",
      "version": "0.11.0",
      "license": "MIT",
      "devDependencies": {
        "@types/node": "^22.0.0",
        "typescript": "^5.8.0"
      },
      "engines": {
        "node": ">=20"
      }
    },
    "packages/enterprise": {
      "name": "@function-hooks/enterprise",
      "version": "0.11.0",
      "license": "MIT",
      "dependencies": {
        "@function-hooks/assurance": "0.11.0",
        "@function-hooks/audit": "0.11.0",
        "@function-hooks/core": "0.11.0"
      },
      "devDependencies": {
        "@types/node": "^22.0.0",
        "typescript": "^5.8.0"
      },
      "engines": {
        "node": ">=20"
      }
    },
    "packages/events": {
      "name": "@function-hooks/events",
      "version": "0.11.0",
      "license": "MIT",
      "dependencies": {
        "@function-hooks/core": "0.11.0"
      },
      "devDependencies": {
        "@types/node": "^22.0.0",
        "typescript": "^5.8.0"
      },
      "engines": {
        "node": ">=20"
      }
    },
    "packages/gateway": {
      "name": "@function-hooks/gateway",
      "version": "0.11.0",
      "license": "MIT",
      "dependencies": {
        "@function-hooks/assurance": "0.11.0",
        "@function-hooks/audit": "0.11.0",
        "@function-hooks/core": "0.11.0"
      },
      "devDependencies": {
        "@types/node": "^22.0.0",
        "typescript": "^5.8.0"
      },
      "engines": {
        "node": ">=20"
      }
    },
    "packages/isolation": {
      "name": "@function-hooks/isolation",
      "version": "0.11.0",
      "license": "MIT",
      "dependencies": {
        "@function-hooks/core": "0.11.0",
        "@function-hooks/plugins": "0.11.0"
      },
      "devDependencies": {
        "@types/node": "^22.0.0",
        "typescript": "^5.8.0"
      },
      "engines": {
        "node": ">=20"
      }
    },
    "packages/plugins": {
      "name": "@function-hooks/plugins",
      "version": "0.11.0",
      "license": "MIT",
      "dependencies": {
        "@function-hooks/assurance": "0.11.0",
        "@function-hooks/core": "0.11.0"
      },
      "devDependencies": {
        "@types/node": "^22.0.0",
        "typescript": "^5.8.0"
      },
      "engines": {
        "node": ">=20"
      }
    },
    "packages/portable": {
      "name": "@function-hooks/portable",
      "version": "0.11.0",
      "license": "MIT",
      "dependencies": {
        "@function-hooks/core": "0.11.0"
      },
      "devDependencies": {
        "@types/node": "^22.0.0",
        "typescript": "^5.8.0"
      },
      "engines": {
        "node": ">=20"
      }
    },
    "packages/replay": {
      "name": "@function-hooks/replay",
      "version": "0.11.0",
      "license": "MIT",
      "dependencies": {
        "@function-hooks/assurance": "0.11.0",
        "@function-hooks/core": "0.11.0"
      },
      "devDependencies": {
        "@types/node": "^22.0.0",
        "typescript": "^5.8.0"
      },
      "engines": {
        "node": ">=20"
      }
    },
    "packages/router": {
      "name": "@function-hooks/router",
      "version": "0.11.0",
      "license": "MIT",
      "dependencies": {
        "@function-hooks/capabilities": "0.11.0",
        "@function-hooks/gateway": "0.11.0"
      },
      "devDependencies": {
        "typescript": "^5.8.0"
      },
      "engines": {
        "node": ">=20"
      }
    }
  }
}
